{
  "requires": true,
  "lockfileVersion": 1,
  "dependencies": {
    "vanilla-lazyload": {
      "version": "12.4.0",
      "resolved": "https://registry.npmjs.org/vanilla-lazyload/-/vanilla-lazyload-12.4.0.tgz",
      "integrity": "sha512-MqDh5WvG6qR2ReVFNlICXjrYeEq5VozSxwxOrc17TY4/BRB1pAlcioim18OOrcOg7rElYEgwa5mFL92K8/MEzg=="
    }
  }
}
